
Microsoft Visual Studio Solution File, Format Version 12.00
# Visual Studio Version 17
VisualStudioVersion = 17.11.35222.181
MinimumVisualStudioVersion = 10.0.40219.1
Project("{FAE04EC0-301F-11D3-BF4B-00C04F79EFBC}") = "ICE3-Bug Squishing Game", "ICE3-Bug Squishing Game.csproj", "{82B65778-2C20-4FD2-B967-F78A3278F2F5}"
EndProject
Global
	GlobalSection(SolutionConfigurationPlatforms) = preSolution
		Debug|Any CPU = Debug|Any CPU
		Release|Any CPU = Release|Any CPU
	EndGlobalSection
	GlobalSection(ProjectConfigurationPlatforms) = postSolution
		{82B65778-2C20-4FD2-B967-F78A3278F2F5}.Debug|Any CPU.ActiveCfg = Debug|Any CPU
		{82B65778-2C20-4FD2-B967-F78A3278F2F5}.Debug|Any CPU.Build.0 = Debug|Any CPU
		{82B65778-2C20-4FD2-B967-F78A3278F2F5}.Release|Any CPU.ActiveCfg = Release|Any CPU
		{82B65778-2C20-4FD2-B967-F78A3278F2F5}.Release|Any CPU.Build.0 = Release|Any CPU
	EndGlobalSection
	GlobalSection(SolutionProperties) = preSolution
		HideSolutionNode = FALSE
	EndGlobalSection
	GlobalSection(ExtensibilityGlobals) = postSolution
		SolutionGuid = {5C37112E-38BD-4A66-B186-DBF1D2C50010}
	EndGlobalSection
EndGlobal
